
Microsoft Visual Studio Solution File, Format Version 12.00
# Visual Studio 15
VisualStudioVersion = 15.0.28010.2050
MinimumVisualStudioVersion = 10.0.40219.1
Project("{FAE04EC0-301F-11D3-BF4B-00C04F79EFBC}") = "GrandmothersDishes.Web", "GrandmothersDishes.Web\GrandmothersDishes.Web.csproj", "{E6DE84C0-5486-43DB-B516-2C914A9A25BB}"
EndProject
Project("{FAE04EC0-301F-11D3-BF4B-00C04F79EFBC}") = "GrandmothersDishes.Models", "GrandmothersDishes.Models\GrandmothersDishes.Models.csproj", "{D3A18B27-4A79-4D1C-BDF3-A0E93BFBF898}"
EndProject
Global
	GlobalSection(SolutionConfigurationPlatforms) = preSolution
		Debug|Any CPU = Debug|Any CPU
		Release|Any CPU = Release|Any CPU
	EndGlobalSection
	GlobalSection(ProjectConfigurationPlatforms) = postSolution
		{E6DE84C0-5486-43DB-B516-2C914A9A25BB}.Debug|Any CPU.ActiveCfg = Debug|Any CPU
		{E6DE84C0-5486-43DB-B516-2C914A9A25BB}.Debug|Any CPU.Build.0 = Debug|Any CPU
		{E6DE84C0-5486-43DB-B516-2C914A9A25BB}.Release|Any CPU.ActiveCfg = Release|Any CPU
		{E6DE84C0-5486-43DB-B516-2C914A9A25BB}.Release|Any CPU.Build.0 = Release|Any CPU
		{D3A18B27-4A79-4D1C-BDF3-A0E93BFBF898}.Debug|Any CPU.ActiveCfg = Debug|Any CPU
		{D3A18B27-4A79-4D1C-BDF3-A0E93BFBF898}.Debug|Any CPU.Build.0 = Debug|Any CPU
		{D3A18B27-4A79-4D1C-BDF3-A0E93BFBF898}.Release|Any CPU.ActiveCfg = Release|Any CPU
		{D3A18B27-4A79-4D1C-BDF3-A0E93BFBF898}.Release|Any CPU.Build.0 = Release|Any CPU
	EndGlobalSection
	GlobalSection(SolutionProperties) = preSolution
		HideSolutionNode = FALSE
	EndGlobalSection
	GlobalSection(ExtensibilityGlobals) = postSolution
		SolutionGuid = {F2792844-C2F6-4EC2-BD5D-285B5F32C164}
	EndGlobalSection
EndGlobal
